// !$*UTF8*$!
{
	archiveVersion = 1;
	classes = {
	};
	objectVersion = 50;
	objects = {

/* Begin PBXBuildFile section */
		CD16FED620E337B400A71E34 /* Episode.swift in Sources */ = {isa = PBXBuildFile; fileRef = CD16FED520E337B400A71E34 /* Episode.swift */; };
		CD16FED820E44E2500A71E34 /* EpisodeTableViewCell.swift in Sources */ = {isa = PBXBuildFile; fileRef = CD16FED720E44E2500A71E34 /* EpisodeTableViewCell.swift */; };
		CD16FEDA20E4506200A71E34 /* CustomImageView.swift in Sources */ = {isa = PBXBuildFile; fileRef = CD16FED920E4506200A71E34 /* CustomImageView.swift */; };
		CD16FEDC20E6BC8500A71E34 /* UIColor+theme.swift in Sources */ = {isa = PBXBuildFile; fileRef = CD16FEDB20E6BC8500A71E34 /* UIColor+theme.swift */; };
		CD74EA6920E2B9D200E10390 /* AppDelegate.swift in Sources */ = {isa = PBXBuildFile; fileRef = CD74EA6820E2B9D200E10390 /* AppDelegate.swift */; };
		CD74EA6E20E2B9D300E10390 /* Main.storyboard in Resources */ = {isa = PBXBuildFile; fileRef = CD74EA6C20E2B9D300E10390 /* Main.storyboard */; };
		CD74EA7020E2B9D700E10390 /* Assets.xcassets in Resources */ = {isa = PBXBuildFile; fileRef = CD74EA6F20E2B9D700E10390 /* Assets.xcassets */; };
		CD74EA7320E2B9D700E10390 /* LaunchScreen.storyboard in Resources */ = {isa = PBXBuildFile; fileRef = CD74EA7120E2B9D700E10390 /* LaunchScreen.storyboard */; };
		CD74EA9720E31EBC00E10390 /* EpisodesTableViewController.swift in Sources */ = {isa = PBXBuildFile; fileRef = CD74EA9620E31EBC00E10390 /* EpisodesTableViewController.swift */; };
		CD74ED6820E8239C00BD122B /* Extensions.swift in Sources */ = {isa = PBXBuildFile; fileRef = CD74ED6720E8239C00BD122B /* Extensions.swift */; };
		CD74ED6A20E829A500BD122B /* SetTimeViewController.swift in Sources */ = {isa = PBXBuildFile; fileRef = CD74ED6920E829A500BD122B /* SetTimeViewController.swift */; };
		CD74ED6C20E97F9C00BD122B /* ShowDetailViewController.swift in Sources */ = {isa = PBXBuildFile; fileRef = CD74ED6B20E97F9C00BD122B /* ShowDetailViewController.swift */; };
		CD74ED6E20E9888100BD122B /* EpisodesTableViewController+UISearchBarDelegate.swift in Sources */ = {isa = PBXBuildFile; fileRef = CD74ED6D20E9888100BD122B /* EpisodesTableViewController+UISearchBarDelegate.swift */; };
/* End PBXBuildFile section */

/* Begin PBXContainerItemProxy section */
		CD74EA7A20E2B9D700E10390 /* PBXContainerItemProxy */ = {
			isa = PBXContainerItemProxy;
			containerPortal = CD74EA5D20E2B9D200E10390 /* Project object */;
			proxyType = 1;
			remoteGlobalIDString = CD74EA6420E2B9D200E10390;
			remoteInfo = TVMazeSample;
		};
		CD74EA8520E2B9D700E10390 /* PBXContainerItemProxy */ = {
			isa = PBXContainerItemProxy;
			containerPortal = CD74EA5D20E2B9D200E10390 /* Project object */;
			proxyType = 1;
			remoteGlobalIDString = CD74EA6420E2B9D200E10390;
			remoteInfo = TVMazeSample;
		};
/* End PBXContainerItemProxy section */

/* Begin PBXFileReference section */
		CD16FED520E337B400A71E34 /* Episode.swift */ = {isa = PBXFileReference; lastKnownFileType = sourcecode.swift; path = Episode.swift; sourceTree = "<group>"; };
		CD16FED720E44E2500A71E34 /* EpisodeTableViewCell.swift */ = {isa = PBXFileReference; lastKnownFileType = sourcecode.swift; path = EpisodeTableViewCell.swift; sourceTree = "<group>"; };
		CD16FED920E4506200A71E34 /* CustomImageView.swift */ = {isa = PBXFileReference; lastKnownFileType = sourcecode.swift; path = CustomImageView.swift; sourceTree = "<group>"; };
		CD16FEDB20E6BC8500A71E34 /* UIColor+theme.swift */ = {isa = PBXFileReference; lastKnownFileType = sourcecode.swift; path = "UIColor+theme.swift"; sourceTree = "<group>"; };
		CD74EA6520E2B9D200E10390 /* TVMazeSample.app */ = {isa = PBXFileReference; explicitFileType = wrapper.application; includeInIndex = 0; path = TVMazeSample.app; sourceTree = BUILT_PRODUCTS_DIR; };
		CD74EA6820E2B9D200E10390 /* AppDelegate.swift */ = {isa = PBXFileReference; lastKnownFileType = sourcecode.swift; path = AppDelegate.swift; sourceTree = "<group>"; };
		CD74EA6D20E2B9D300E10390 /* Base */ = {isa = PBXFileReference; lastKnownFileType = file.storyboard; name = Base; path = Base.lproj/Main.storyboard; sourceTree = "<group>"; };
		CD74EA6F20E2B9D700E10390 /* Assets.xcassets */ = {isa = PBXFileReference; lastKnownFileType = folder.assetcatalog; path = Assets.xcassets; sourceTree = "<group>"; };
		CD74EA7220E2B9D700E10390 /* Base */ = {isa = PBXFileReference; lastKnownFileType = file.storyboard; name = Base; path = Base.lproj/LaunchScreen.storyboard; sourceTree = "<group>"; };
		CD74EA7420E2B9D700E10390 /* Info.plist */ = {isa = PBXFileReference; lastKnownFileType = text.plist.xml; path = Info.plist; sourceTree = "<group>"; };
		CD74EA7920E2B9D700E10390 /* TVMazeSampleTests.xctest */ = {isa = PBXFileReference; explicitFileType = wrapper.cfbundle; includeInIndex = 0; path = TVMazeSampleTests.xctest; sourceTree = BUILT_PRODUCTS_DIR; };
		CD74EA8420E2B9D700E10390 /* TVMazeSampleUITests.xctest */ = {isa = PBXFileReference; explicitFileType = wrapper.cfbundle; includeInIndex = 0; path = TVMazeSampleUITests.xctest; sourceTree = BUILT_PRODUCTS_DIR; };
		CD74EA9620E31EBC00E10390 /* EpisodesTableViewController.swift */ = {isa = PBXFileReference; lastKnownFileType = sourcecode.swift; path = EpisodesTableViewController.swift; sourceTree = "<group>"; };
		CD74ED6720E8239C00BD122B /* Extensions.swift */ = {isa = PBXFileReference; lastKnownFileType = sourcecode.swift; path = Extensions.swift; sourceTree = "<group>"; };
		CD74ED6920E829A500BD122B /* SetTimeViewController.swift */ = {isa = PBXFileReference; lastKnownFileType = sourcecode.swift; path = SetTimeViewController.swift; sourceTree = "<group>"; };
		CD74ED6B20E97F9C00BD122B /* ShowDetailViewController.swift */ = {isa = PBXFileReference; lastKnownFileType = sourcecode.swift; path = ShowDetailViewController.swift; sourceTree = "<group>"; };
		CD74ED6D20E9888100BD122B /* EpisodesTableViewController+UISearchBarDelegate.swift */ = {isa = PBXFileReference; lastKnownFileType = sourcecode.swift; path = "EpisodesTableViewController+UISearchBarDelegate.swift"; sourceTree = "<group>"; };
/* End PBXFileReference section */

/* Begin PBXFrameworksBuildPhase section */
		CD74EA6220E2B9D200E10390 /* Frameworks */ = {
			isa = PBXFrameworksBuildPhase;
			buildActionMask = 2147483647;
			files = (
			);
			runOnlyForDeploymentPostprocessing = 0;
		};
		CD74EA7620E2B9D700E10390 /* Frameworks */ = {
			isa = PBXFrameworksBuildPhase;
			buildActionMask = 2147483647;
			files = (
			);
			runOnlyForDeploymentPostprocessing = 0;
		};
		CD74EA8120E2B9D700E10390 /* Frameworks */ = {
			isa = PBXFrameworksBuildPhase;
			buildActionMask = 2147483647;
			files = (
			);
			runOnlyForDeploymentPostprocessing = 0;
		};
/* End PBXFrameworksBuildPhase section */

/* Begin PBXGroup section */
		CD16FEDD20E6C2F300A71E34 /* Utils */ = {
			isa = PBXGroup;
			children = (
				CD16FED920E4506200A71E34 /* CustomImageView.swift */,
				CD16FEDB20E6BC8500A71E34 /* UIColor+theme.swift */,
				CD74ED6720E8239C00BD122B /* Extensions.swift */,
			);
			path = Utils;
			sourceTree = "<group>";
		};
		CD74EA5C20E2B9D200E10390 = {
			isa = PBXGroup;
			children = (
				CD74EA6720E2B9D200E10390 /* TVMazeSample */,
				CD74EA6620E2B9D200E10390 /* Products */,
			);
			sourceTree = "<group>";
		};
		CD74EA6620E2B9D200E10390 /* Products */ = {
			isa = PBXGroup;
			children = (
				CD74EA6520E2B9D200E10390 /* TVMazeSample.app */,
				CD74EA7920E2B9D700E10390 /* TVMazeSampleTests.xctest */,
				CD74EA8420E2B9D700E10390 /* TVMazeSampleUITests.xctest */,
			);
			name = Products;
			sourceTree = "<group>";
		};
		CD74EA6720E2B9D200E10390 /* TVMazeSample */ = {
			isa = PBXGroup;
			children = (
				CD16FEDD20E6C2F300A71E34 /* Utils */,
				CD74EA6820E2B9D200E10390 /* AppDelegate.swift */,
				CD74EA6C20E2B9D300E10390 /* Main.storyboard */,
				CD74EA6F20E2B9D700E10390 /* Assets.xcassets */,
				CD74EA7120E2B9D700E10390 /* LaunchScreen.storyboard */,
				CD74EA7420E2B9D700E10390 /* Info.plist */,
				CD74EA9620E31EBC00E10390 /* EpisodesTableViewController.swift */,
				CD16FED520E337B400A71E34 /* Episode.swift */,
				CD16FED720E44E2500A71E34 /* EpisodeTableViewCell.swift */,
				CD74ED6920E829A500BD122B /* SetTimeViewController.swift */,
				CD74ED6B20E97F9C00BD122B /* ShowDetailViewController.swift */,
				CD74ED6D20E9888100BD122B /* EpisodesTableViewController+UISearchBarDelegate.swift */,
			);
			path = TVMazeSample;
			sourceTree = "<group>";
		};
/* End PBXGroup section */

/* Begin PBXNativeTarget section */
		CD74EA6420E2B9D200E10390 /* TVMazeSample */ = {
			isa = PBXNativeTarget;
			buildConfigurationList = CD74EA8D20E2B9D700E10390 /* Build configuration list for PBXNativeTarget "TVMazeSample" */;
			buildPhases = (
				CD74EA6120E2B9D200E10390 /* Sources */,
				CD74EA6220E2B9D200E10390 /* Frameworks */,
				CD74EA6320E2B9D200E10390 /* Resources */,
			);
			buildRules = (
			);
			dependencies = (
			);
			name = TVMazeSample;
			productName = TVMazeSample;
			productReference = CD74EA6520E2B9D200E10390 /* TVMazeSample.app */;
			productType = "com.apple.product-type.application";
		};
		CD74EA7820E2B9D700E10390 /* TVMazeSampleTests */ = {
			isa = PBXNativeTarget;
			buildConfigurationList = CD74EA9020E2B9D700E10390 /* Build configuration list for PBXNativeTarget "TVMazeSampleTests" */;
			buildPhases = (
				CD74EA7520E2B9D700E10390 /* Sources */,
				CD74EA7620E2B9D700E10390 /* Frameworks */,
				CD74EA7720E2B9D700E10390 /* Resources */,
			);
			buildRules = (
			);
			dependencies = (
				CD74EA7B20E2B9D700E10390 /* PBXTargetDependency */,
			);
			name = TVMazeSampleTests;
			productName = TVMazeSampleTests;
			productReference = CD74EA7920E2B9D700E10390 /* TVMazeSampleTests.xctest */;
			productType = "com.apple.product-type.bundle.unit-test";
		};
		CD74EA8320E2B9D700E10390 /* TVMazeSampleUITests */ = {
			isa = PBXNativeTarget;
			buildConfigurationList = CD74EA9320E2B9D700E10390 /* Build configuration list for PBXNativeTarget "TVMazeSampleUITests" */;
			buildPhases = (
				CD74EA8020E2B9D700E10390 /* Sources */,
				CD74EA8120E2B9D700E10390 /* Frameworks */,
				CD74EA8220E2B9D700E10390 /* Resources */,
			);
			buildRules = (
			);
			dependencies = (
				CD74EA8620E2B9D700E10390 /* PBXTargetDependency */,
			);
			name = TVMazeSampleUITests;
			productName = TVMazeSampleUITests;
			productReference = CD74EA8420E2B9D700E10390 /* TVMazeSampleUITests.xctest */;
			productType = "com.apple.product-type.bundle.ui-testing";
		};
/* End PBXNativeTarget section */

/* Begin PBXProject section */
		CD74EA5D20E2B9D200E10390 /* Project object */ = {
			isa = PBXProject;
			attributes = {
				LastSwiftUpdateCheck = 0940;
				LastUpgradeCheck = 0940;
				ORGANIZATIONNAME = "Dylan Bruschi";
				TargetAttributes = {
					CD74EA6420E2B9D200E10390 = {
						CreatedOnToolsVersion = 9.4;
					};
					CD74EA7820E2B9D700E10390 = {
						CreatedOnToolsVersion = 9.4;
						TestTargetID = CD74EA6420E2B9D200E10390;
					};
					CD74EA8320E2B9D700E10390 = {
						CreatedOnToolsVersion = 9.4;
						TestTargetID = CD74EA6420E2B9D200E10390;
					};
				};
			};
			buildConfigurationList = CD74EA6020E2B9D200E10390 /* Build configuration list for PBXProject "TVMazeSample" */;
			compatibilityVersion = "Xcode 9.3";
			developmentRegion = en;
			hasScannedForEncodings = 0;
			knownRegions = (
				en,
				Base,
			);
			mainGroup = CD74EA5C20E2B9D200E10390;
			productRefGroup = CD74EA6620E2B9D200E10390 /* Products */;
			projectDirPath = "";
			projectRoot = "";
			targets = (
				CD74EA6420E2B9D200E10390 /* TVMazeSample */,
				CD74EA7820E2B9D700E10390 /* TVMazeSampleTests */,
				CD74EA8320E2B9D700E10390 /* TVMazeSampleUITests */,
			);
		};
/* End PBXProject section */

/* Begin PBXResourcesBuildPhase section */
		CD74EA6320E2B9D200E10390 /* Resources */ = {
			isa = PBXResourcesBuildPhase;
			buildActionMask = 2147483647;
			files = (
				CD74EA7320E2B9D700E10390 /* LaunchScreen.storyboard in Resources */,
				CD74EA7020E2B9D700E10390 /* Assets.xcassets in Resources */,
				CD74EA6E20E2B9D300E10390 /* Main.storyboard in Resources */,
			);
			runOnlyForDeploymentPostprocessing = 0;
		};
		CD74EA7720E2B9D700E10390 /* Resources */ = {
			isa = PBXResourcesBuildPhase;
			buildActionMask = 2147483647;
			files = (
			);
			runOnlyForDeploymentPostprocessing = 0;
		};
		CD74EA8220E2B9D700E10390 /* Resources */ = {
			isa = PBXResourcesBuildPhase;
			buildActionMask = 2147483647;
			files = (
			);
			runOnlyForDeploymentPostprocessing = 0;
		};
/* End PBXResourcesBuildPhase section */

/* Begin PBXSourcesBuildPhase section */
		CD74EA6120E2B9D200E10390 /* Sources */ = {
			isa = PBXSourcesBuildPhase;
			buildActionMask = 2147483647;
			files = (
				CD74ED6A20E829A500BD122B /* SetTimeViewController.swift in Sources */,
				CD16FED620E337B400A71E34 /* Episode.swift in Sources */,
				CD16FED820E44E2500A71E34 /* EpisodeTableViewCell.swift in Sources */,
				CD74EA9720E31EBC00E10390 /* EpisodesTableViewController.swift in Sources */,
				CD16FEDC20E6BC8500A71E34 /* UIColor+theme.swift in Sources */,
				CD74EA6920E2B9D200E10390 /* AppDelegate.swift in Sources */,
				CD74ED6C20E97F9C00BD122B /* ShowDetailViewController.swift in Sources */,
				CD16FEDA20E4506200A71E34 /* CustomImageView.swift in Sources */,
				CD74ED6E20E9888100BD122B /* EpisodesTableViewController+UISearchBarDelegate.swift in Sources */,
				CD74ED6820E8239C00BD122B /* Extensions.swift in Sources */,
			);
			runOnlyForDeploymentPostprocessing = 0;
		};
		CD74EA7520E2B9D700E10390 /* Sources */ = {
			isa = PBXSourcesBuildPhase;
			buildActionMask = 2147483647;
			files = (
			);
			runOnlyForDeploymentPostprocessing = 0;
		};
		CD74EA8020E2B9D700E10390 /* Sources */ = {
			isa = PBXSourcesBuildPhase;
			buildActionMask = 2147483647;
			files = (
			);
			runOnlyForDeploymentPostprocessing = 0;
		};
/* End PBXSourcesBuildPhase section */

/* Begin PBXTargetDependency section */
		CD74EA7B20E2B9D700E10390 /* PBXTargetDependency */ = {
			isa = PBXTargetDependency;
			target = CD74EA6420E2B9D200E10390 /* TVMazeSample */;
			targetProxy = CD74EA7A20E2B9D700E10390 /* PBXContainerItemProxy */;
		};
		CD74EA8620E2B9D700E10390 /* PBXTargetDependency */ = {
			isa = PBXTargetDependency;
			target = CD74EA6420E2B9D200E10390 /* TVMazeSample */;
			targetProxy = CD74EA8520E2B9D700E10390 /* PBXContainerItemProxy */;
		};
/* End PBXTargetDependency section */

/* Begin PBXVariantGroup section */
		CD74EA6C20E2B9D300E10390 /* Main.storyboard */ = {
			isa = PBXVariantGroup;
			children = (
				CD74EA6D20E2B9D300E10390 /* Base */,
			);
			name = Main.storyboard;
			sourceTree = "<group>";
		};
		CD74EA7120E2B9D700E10390 /* LaunchScreen.storyboard */ = {
			isa = PBXVariantGroup;
			children = (
				CD74EA7220E2B9D700E10390 /* Base */,
			);
			name = LaunchScreen.storyboard;
			sourceTree = "<group>";
		};
/* End PBXVariantGroup section */

/* Begin XCBuildConfiguration section */
		CD74EA8B20E2B9D700E10390 /* Debug */ = {
			isa = XCBuildConfiguration;
			buildSettings = {
				ALWAYS_SEARCH_USER_PATHS = NO;
				CLANG_ANALYZER_NONNULL = YES;
				CLANG_ANALYZER_NUMBER_OBJECT_CONVERSION = YES_AGGRESSIVE;
				CLANG_CXX_LANGUAGE_STANDARD = "gnu++14";
				CLANG_CXX_LIBRARY = "libc++";
				CLANG_ENABLE_MODULES = YES;
				CLANG_ENABLE_OBJC_ARC = YES;
				CLANG_ENABLE_OBJC_WEAK = YES;
				CLANG_WARN_BLOCK_CAPTURE_AUTORELEASING = YES;
				CLANG_WARN_BOOL_CONVERSION = YES;
				CLANG_WARN_COMMA = YES;
				CLANG_WARN_CONSTANT_CONVERSION = YES;
				CLANG_WARN_DEPRECATED_OBJC_IMPLEMENTATIONS = YES;
				CLANG_WARN_DIRECT_OBJC_ISA_USAGE = YES_ERROR;
				CLANG_WARN_DOCUMENTATION_COMMENTS = YES;
				CLANG_WARN_EMPTY_BODY = YES;
				CLANG_WARN_ENUM_CONVERSION = YES;
				CLANG_WARN_INFINITE_RECURSION = YES;
				CLANG_WARN_INT_CONVERSION = YES;
				CLANG_WARN_NON_LITERAL_NULL_CONVERSION = YES;
				CLANG_WARN_OBJC_IMPLICIT_RETAIN_SELF = YES;
				CLANG_WARN_OBJC_LITERAL_CONVERSION = YES;
				CLANG_WARN_OBJC_ROOT_CLASS = YES_ERROR;
				CLANG_WARN_RANGE_LOOP_ANALYSIS = YES;
				CLANG_WARN_STRICT_PROTOTYPES = YES;
				CLANG_WARN_SUSPICIOUS_MOVE = YES;
				CLANG_WARN_UNGUARDED_AVAILABILITY = YES_AGGRESSIVE;
				CLANG_WARN_UNREACHABLE_CODE = YES;
				CLANG_WARN__DUPLICATE_METHOD_MATCH = YES;
				CODE_SIGN_IDENTITY = "iPhone Developer";
				COPY_PHASE_STRIP = NO;
				DEBUG_INFORMATION_FORMAT = dwarf;
				ENABLE_STRICT_OBJC_MSGSEND = YES;
				ENABLE_TESTABILITY = YES;
				GCC_C_LANGUAGE_STANDARD = gnu11;
				GCC_DYNAMIC_NO_PIC = NO;
				GCC_NO_COMMON_BLOCKS = YES;
				GCC_OPTIMIZATION_LEVEL = 0;
				GCC_PREPROCESSOR_DEFINITIONS = (
					"DEBUG=1",
					"$(inherited)",
				);
				GCC_WARN_64_TO_32_BIT_CONVERSION = YES;
				GCC_WARN_ABOUT_RETURN_TYPE = YES_ERROR;
				GCC_WARN_UNDECLARED_SELECTOR = YES;
				GCC_WARN_UNINITIALIZED_AUTOS = YES_AGGRESSIVE;
				GCC_WARN_UNUSED_FUNCTION = YES;
				GCC_WARN_UNUSED_VARIABLE = YES;
				IPHONEOS_DEPLOYMENT_TARGET = 11.4;
				MTL_ENABLE_DEBUG_INFO = YES;
				ONLY_ACTIVE_ARCH = YES;
				SDKROOT = iphoneos;
				SWIFT_ACTIVE_COMPILATION_CONDITIONS = DEBUG;
				SWIFT_OPTIMIZATION_LEVEL = "-Onone";
			};
			name = Debug;
		};
		CD74EA8C20E2B9D700E10390 /* Release */ = {
			isa = XCBuildConfiguration;
			buildSettings = {
				ALWAYS_SEARCH_USER_PATHS = NO;
				CLANG_ANALYZER_NONNULL = YES;
				CLANG_ANALYZER_NUMBER_OBJECT_CONVERSION = YES_AGGRESSIVE;
				CLANG_CXX_LANGUAGE_STANDARD = "gnu++14";
				CLANG_CXX_LIBRARY = "libc++";
				CLANG_ENABLE_MODULES = YES;
				CLANG_ENABLE_OBJC_ARC = YES;
				CLANG_ENABLE_OBJC_WEAK = YES;
				CLANG_WARN_BLOCK_CAPTURE_AUTORELEASING = YES;
				CLANG_WARN_BOOL_CONVERSION = YES;
				CLANG_WARN_COMMA = YES;
				CLANG_WARN_CONSTANT_CONVERSION = YES;
				CLANG_WARN_DEPRECATED_OBJC_IMPLEMENTATIONS = YES;
				CLANG_WARN_DIRECT_OBJC_ISA_USAGE = YES_ERROR;
				CLANG_WARN_DOCUMENTATION_COMMENTS = YES;
				CLANG_WARN_EMPTY_BODY = YES;
				CLANG_WARN_ENUM_CONVERSION = YES;
				CLANG_WARN_INFINITE_RECURSION = YES;
				CLANG_WARN_INT_CONVERSION = YES;
				CLANG_WARN_NON_LITERAL_NULL_CONVERSION = YES;
				CLANG_WARN_OBJC_IMPLICIT_RETAIN_SELF = YES;
				CLANG_WARN_OBJC_LITERAL_CONVERSION = YES;
				CLANG_WARN_OBJC_ROOT_CLASS = YES_ERROR;
				CLANG_WARN_RANGE_LOOP_ANALYSIS = YES;
				CLANG_WARN_STRICT_PROTOTYPES = YES;
				CLANG_WARN_SUSPICIOUS_MOVE = YES;
				CLANG_WARN_UNGUARDED_AVAILABILITY = YES_AGGRESSIVE;
				CLANG_WARN_UNREACHABLE_CODE = YES;
				CLANG_WARN__DUPLICATE_METHOD_MATCH = YES;
				CODE_SIGN_IDENTITY = "iPhone Developer";
				COPY_PHASE_STRIP = NO;
				DEBUG_INFORMATION_FORMAT = "dwarf-with-dsym";
				ENABLE_NS_ASSERTIONS = NO;
				ENABLE_STRICT_OBJC_MSGSEND = YES;
				GCC_C_LANGUAGE_STANDARD = gnu11;
				GCC_NO_COMMON_BLOCKS = YES;
				GCC_WARN_64_TO_32_BIT_CONVERSION = YES;
				GCC_WARN_ABOUT_RETURN_TYPE = YES_ERROR;
				GCC_WARN_UNDECLARED_SELECTOR = YES;
				GCC_WARN_UNINITIALIZED_AUTOS = YES_AGGRESSIVE;
				GCC_WARN_UNUSED_FUNCTION = YES;
				GCC_WARN_UNUSED_VARIABLE = YES;
				IPHONEOS_DEPLOYMENT_TARGET = 11.4;
				MTL_ENABLE_DEBUG_INFO = NO;
				SDKROOT = iphoneos;
				SWIFT_COMPILATION_MODE = wholemodule;
				SWIFT_OPTIMIZATION_LEVEL = "-O";
				VALIDATE_PRODUCT = YES;
			};
			name = Release;
		};
		CD74EA8E20E2B9D700E10390 /* Debug */ = {
			isa = XCBuildConfiguration;
			buildSettings = {
				ASSETCATALOG_COMPILER_APPICON_NAME = AppIcon;
				CODE_SIGN_STYLE = Automatic;
				DEVELOPMENT_TEAM = 84NJ8T743J;
				INFOPLIST_FILE = TVMazeSample/Info.plist;
				LD_RUNPATH_SEARCH_PATHS = (
					"$(inherited)",
					"@executable_path/Frameworks",
				);
				PRODUCT_BUNDLE_IDENTIFIER = dlb.TVMazeSample;
				PRODUCT_NAME = "$(TARGET_NAME)";
				SWIFT_VERSION = 4.0;
				TARGETED_DEVICE_FAMILY = "1,2";
			};
			name = Debug;
		};
		CD74EA8F20E2B9D700E10390 /* Release */ = {
			isa = XCBuildConfiguration;
			buildSettings = {
				ASSETCATALOG_COMPILER_APPICON_NAME = AppIcon;
				CODE_SIGN_STYLE = Automatic;
				DEVELOPMENT_TEAM = 84NJ8T743J;
				INFOPLIST_FILE = TVMazeSample/Info.plist;
				LD_RUNPATH_SEARCH_PATHS = (
					"$(inherited)",
					"@executable_path/Frameworks",
				);
				PRODUCT_BUNDLE_IDENTIFIER = dlb.TVMazeSample;
				PRODUCT_NAME = "$(TARGET_NAME)";
				SWIFT_VERSION = 4.0;
				TARGETED_DEVICE_FAMILY = "1,2";
			};
			name = Release;
		};
		CD74EA9120E2B9D700E10390 /* Debug */ = {
			isa = XCBuildConfiguration;
			buildSettings = {
				ALWAYS_EMBED_SWIFT_STANDARD_LIBRARIES = YES;
				BUNDLE_LOADER = "$(TEST_HOST)";
				CODE_SIGN_STYLE = Automatic;
				DEVELOPMENT_TEAM = 84NJ8T743J;
				INFOPLIST_FILE = TVMazeSampleTests/Info.plist;
				LD_RUNPATH_SEARCH_PATHS = (
					"$(inherited)",
					"@executable_path/Frameworks",
					"@loader_path/Frameworks",
				);
				PRODUCT_BUNDLE_IDENTIFIER = dlb.TVMazeSampleTests;
				PRODUCT_NAME = "$(TARGET_NAME)";
				SWIFT_VERSION = 4.0;
				TARGETED_DEVICE_FAMILY = "1,2";
				TEST_HOST = "$(BUILT_PRODUCTS_DIR)/TVMazeSample.app/TVMazeSample";
			};
			name = Debug;
		};
		CD74EA9220E2B9D700E10390 /* Release */ = {
			isa = XCBuildConfiguration;
			buildSettings = {
				ALWAYS_EMBED_SWIFT_STANDARD_LIBRARIES = YES;
				BUNDLE_LOADER = "$(TEST_HOST)";
				CODE_SIGN_STYLE = Automatic;
				DEVELOPMENT_TEAM = 84NJ8T743J;
				INFOPLIST_FILE = TVMazeSampleTests/Info.plist;
				LD_RUNPATH_SEARCH_PATHS = (
					"$(inherited)",
					"@executable_path/Frameworks",
					"@loader_path/Frameworks",
				);
				PRODUCT_BUNDLE_IDENTIFIER = dlb.TVMazeSampleTests;
				PRODUCT_NAME = "$(TARGET_NAME)";
				SWIFT_VERSION = 4.0;
				TARGETED_DEVICE_FAMILY = "1,2";
				TEST_HOST = "$(BUILT_PRODUCTS_DIR)/TVMazeSample.app/TVMazeSample";
			};
			name = Release;
		};
		CD74EA9420E2B9D700E10390 /* Debug */ = {
			isa = XCBuildConfiguration;
			buildSettings = {
				ALWAYS_EMBED_SWIFT_STANDARD_LIBRARIES = YES;
				CODE_SIGN_STYLE = Automatic;
				DEVELOPMENT_TEAM = 84NJ8T743J;
				INFOPLIST_FILE = TVMazeSampleUITests/Info.plist;
				LD_RUNPATH_SEARCH_PATHS = (
					"$(inherited)",
					"@executable_path/Frameworks",
					"@loader_path/Frameworks",
				);
				PRODUCT_BUNDLE_IDENTIFIER = dlb.TVMazeSampleUITests;
				PRODUCT_NAME = "$(TARGET_NAME)";
				SWIFT_VERSION = 4.0;
				TARGETED_DEVICE_FAMILY = "1,2";
				TEST_TARGET_NAME = TVMazeSample;
			};
			name = Debug;
		};
		CD74EA9520E2B9D700E10390 /* Release */ = {
			isa = XCBuildConfiguration;
			buildSettings = {
				ALWAYS_EMBED_SWIFT_STANDARD_LIBRARIES = YES;
				CODE_SIGN_STYLE = Automatic;
				DEVELOPMENT_TEAM = 84NJ8T743J;
				INFOPLIST_FILE = TVMazeSampleUITests/Info.plist;
				LD_RUNPATH_SEARCH_PATHS = (
					"$(inherited)",
					"@executable_path/Frameworks",
					"@loader_path/Frameworks",
				);
				PRODUCT_BUNDLE_IDENTIFIER = dlb.TVMazeSampleUITests;
				PRODUCT_NAME = "$(TARGET_NAME)";
				SWIFT_VERSION = 4.0;
				TARGETED_DEVICE_FAMILY = "1,2";
				TEST_TARGET_NAME = TVMazeSample;
			};
			name = Release;
		};
/* End XCBuildConfiguration section */

/* Begin XCConfigurationList section */
		CD74EA6020E2B9D200E10390 /* Build configuration list for PBXProject "TVMazeSample" */ = {
			isa = XCConfigurationList;
			buildConfigurations = (
				CD74EA8B20E2B9D700E10390 /* Debug */,
				CD74EA8C20E2B9D700E10390 /* Release */,
			);
			defaultConfigurationIsVisible = 0;
			defaultConfigurationName = Release;
		};
		CD74EA8D20E2B9D700E10390 /* Build configuration list for PBXNativeTarget "TVMazeSample" */ = {
			isa = XCConfigurationList;
			buildConfigurations = (
				CD74EA8E20E2B9D700E10390 /* Debug */,
				CD74EA8F20E2B9D700E10390 /* Release */,
			);
			defaultConfigurationIsVisible = 0;
			defaultConfigurationName = Release;
		};
		CD74EA9020E2B9D700E10390 /* Build configuration list for PBXNativeTarget "TVMazeSampleTests" */ = {
			isa = XCConfigurationList;
			buildConfigurations = (
				CD74EA9120E2B9D700E10390 /* Debug */,
				CD74EA9220E2B9D700E10390 /* Release */,
			);
			defaultConfigurationIsVisible = 0;
			defaultConfigurationName = Release;
		};
		CD74EA9320E2B9D700E10390 /* Build configuration list for PBXNativeTarget "TVMazeSampleUITests" */ = {
			isa = XCConfigurationList;
			buildConfigurations = (
				CD74EA9420E2B9D700E10390 /* Debug */,
				CD74EA9520E2B9D700E10390 /* Release */,
			);
			defaultConfigurationIsVisible = 0;
			defaultConfigurationName = Release;
		};
/* End XCConfigurationList section */
	};
	rootObject = CD74EA5D20E2B9D200E10390 /* Project object */;
}
